{
  "requires": true,
  "lockfileVersion": 1,
  "dependencies": {
    "line-intersect-2d": {
      "version": "0.0.2",
      "resolved": "https://registry.npmjs.org/line-intersect-2d/-/line-intersect-2d-0.0.2.tgz",
      "integrity": "sha512-a6RCE9VYfuSOx0Q2pmgRL9G+E8YNAB4FxUaS4nDQeZgWc/QTpAXYGmru6GoH7c8vpaNUvVIoyGaOxtvVMuMc+w=="
    }
  }
}
